<Solution>
  <Project Path="Legacy.Maliev.QuotationService.Api/Legacy.Maliev.QuotationService.Api.csproj" />
  <Project Path="Legacy.Maliev.QuotationService.Application/Legacy.Maliev.QuotationService.Application.csproj" />
  <Project Path="Legacy.Maliev.QuotationService.Data/Legacy.Maliev.QuotationService.Data.csproj" />
  <Project Path="Legacy.Maliev.QuotationService.Domain/Legacy.Maliev.QuotationService.Domain.csproj" />
  <Project Path="Legacy.Maliev.QuotationService.Tests/Legacy.Maliev.QuotationService.Tests.csproj" />
</Solution>
